// !$*UTF8*$!
{
	archiveVersion = 1;
	classes = {
	};
	objectVersion = 50;
	objects = {

/* Begin PBXBuildFile section */
		2653FD22222FA73A00479718 /* LoginViewController.swift in Sources */ = {isa = PBXBuildFile; fileRef = 2653FD21222FA73A00479718 /* LoginViewController.swift */; };
		2653FD24222FA76400479718 /* FeedViewController.swift in Sources */ = {isa = PBXBuildFile; fileRef = 2653FD23222FA76400479718 /* FeedViewController.swift */; };
		2653FD26222FB33200479718 /* CameraViewController.swift in Sources */ = {isa = PBXBuildFile; fileRef = 2653FD25222FB33200479718 /* CameraViewController.swift */; };
		26A9AD3D22374F6800672474 /* CommentCell.swift in Sources */ = {isa = PBXBuildFile; fileRef = 26A9AD3C22374F6800672474 /* CommentCell.swift */; };
		26CA20B62230AB96002DA066 /* PostCell.swift in Sources */ = {isa = PBXBuildFile; fileRef = 26CA20B52230AB96002DA066 /* PostCell.swift */; };
		26E082B0222E1BEB00B91140 /* AppDelegate.swift in Sources */ = {isa = PBXBuildFile; fileRef = 26E082AF222E1BEB00B91140 /* AppDelegate.swift */; };
		26E082B5222E1BEC00B91140 /* Main.storyboard in Resources */ = {isa = PBXBuildFile; fileRef = 26E082B3222E1BEC00B91140 /* Main.storyboard */; };
		26E082B7222E1BED00B91140 /* Assets.xcassets in Resources */ = {isa = PBXBuildFile; fileRef = 26E082B6222E1BED00B91140 /* Assets.xcassets */; };
		26E082BA222E1BED00B91140 /* LaunchScreen.storyboard in Resources */ = {isa = PBXBuildFile; fileRef = 26E082B8222E1BED00B91140 /* LaunchScreen.storyboard */; };
		26E082C5222E1BED00B91140 /* ParstagramTests.swift in Sources */ = {isa = PBXBuildFile; fileRef = 26E082C4222E1BED00B91140 /* ParstagramTests.swift */; };
		26E082D0222E1BED00B91140 /* ParstagramUITests.swift in Sources */ = {isa = PBXBuildFile; fileRef = 26E082CF222E1BED00B91140 /* ParstagramUITests.swift */; };
		7A0A04A7777C9B2C7AAA1242 /* Pods_Parstagram.framework in Frameworks */ = {isa = PBXBuildFile; fileRef = E80298D284E40DDFA71D50B9 /* Pods_Parstagram.framework */; };
		7BE0CDAF2CB138DEFDCE426D /* Pods_ParstagramUITests.framework in Frameworks */ = {isa = PBXBuildFile; fileRef = 86986B48A2F20856A50835B2 /* Pods_ParstagramUITests.framework */; };
		81E7A22E5781C5D72764BE24 /* Pods_ParstagramTests.framework in Frameworks */ = {isa = PBXBuildFile; fileRef = E630B056616368BB22AA1E4B /* Pods_ParstagramTests.framework */; };
/* End PBXBuildFile section */

/* Begin PBXContainerItemProxy section */
		26E082C1222E1BED00B91140 /* PBXContainerItemProxy */ = {
			isa = PBXContainerItemProxy;
			containerPortal = 26E082A4222E1BEB00B91140 /* Project object */;
			proxyType = 1;
			remoteGlobalIDString = 26E082AB222E1BEB00B91140;
			remoteInfo = Parstagram;
		};
		26E082CC222E1BED00B91140 /* PBXContainerItemProxy */ = {
			isa = PBXContainerItemProxy;
			containerPortal = 26E082A4222E1BEB00B91140 /* Project object */;
			proxyType = 1;
			remoteGlobalIDString = 26E082AB222E1BEB00B91140;
			remoteInfo = Parstagram;
		};
/* End PBXContainerItemProxy section */

/* Begin PBXFileReference section */
		223BF41496692F4F47CEAB9C /* Pods-ParstagramUITests.release.xcconfig */ = {isa = PBXFileReference; includeInIndex = 1; lastKnownFileType = text.xcconfig; name = "Pods-ParstagramUITests.release.xcconfig"; path = "Target Support Files/Pods-ParstagramUITests/Pods-ParstagramUITests.release.xcconfig"; sourceTree = "<group>"; };
		2653FD21222FA73A00479718 /* LoginViewController.swift */ = {isa = PBXFileReference; lastKnownFileType = sourcecode.swift; path = LoginViewController.swift; sourceTree = "<group>"; };
		2653FD23222FA76400479718 /* FeedViewController.swift */ = {isa = PBXFileReference; lastKnownFileType = sourcecode.swift; path = FeedViewController.swift; sourceTree = "<group>"; };
		2653FD25222FB33200479718 /* CameraViewController.swift */ = {isa = PBXFileReference; lastKnownFileType = sourcecode.swift; path = CameraViewController.swift; sourceTree = "<group>"; };
		26A9AD3C22374F6800672474 /* CommentCell.swift */ = {isa = PBXFileReference; lastKnownFileType = sourcecode.swift; path = CommentCell.swift; sourceTree = "<group>"; };
		26CA20B52230AB96002DA066 /* PostCell.swift */ = {isa = PBXFileReference; lastKnownFileType = sourcecode.swift; path = PostCell.swift; sourceTree = "<group>"; };
		26E082AC222E1BEB00B91140 /* Parstagram.app */ = {isa = PBXFileReference; explicitFileType = wrapper.application; includeInIndex = 0; path = Parstagram.app; sourceTree = BUILT_PRODUCTS_DIR; };
		26E082AF222E1BEB00B91140 /* AppDelegate.swift */ = {isa = PBXFileReference; lastKnownFileType = sourcecode.swift; path = AppDelegate.swift; sourceTree = "<group>"; };
		26E082B4222E1BEC00B91140 /* Base */ = {isa = PBXFileReference; lastKnownFileType = file.storyboard; name = Base; path = Base.lproj/Main.storyboard; sourceTree = "<group>"; };
		26E082B6222E1BED00B91140 /* Assets.xcassets */ = {isa = PBXFileReference; lastKnownFileType = folder.assetcatalog; path = Assets.xcassets; sourceTree = "<group>"; };
		26E082B9222E1BED00B91140 /* Base */ = {isa = PBXFileReference; lastKnownFileType = file.storyboard; name = Base; path = Base.lproj/LaunchScreen.storyboard; sourceTree = "<group>"; };
		26E082BB222E1BED00B91140 /* Info.plist */ = {isa = PBXFileReference; lastKnownFileType = text.plist.xml; path = Info.plist; sourceTree = "<group>"; };
		26E082C0222E1BED00B91140 /* ParstagramTests.xctest */ = {isa = PBXFileReference; explicitFileType = wrapper.cfbundle; includeInIndex = 0; path = ParstagramTests.xctest; sourceTree = BUILT_PRODUCTS_DIR; };
		26E082C4222E1BED00B91140 /* ParstagramTests.swift */ = {isa = PBXFileReference; lastKnownFileType = sourcecode.swift; path = ParstagramTests.swift; sourceTree = "<group>"; };
		26E082C6222E1BED00B91140 /* Info.plist */ = {isa = PBXFileReference; lastKnownFileType = text.plist.xml; path = Info.plist; sourceTree = "<group>"; };
		26E082CB222E1BED00B91140 /* ParstagramUITests.xctest */ = {isa = PBXFileReference; explicitFileType = wrapper.cfbundle; includeInIndex = 0; path = ParstagramUITests.xctest; sourceTree = BUILT_PRODUCTS_DIR; };
		26E082CF222E1BED00B91140 /* ParstagramUITests.swift */ = {isa = PBXFileReference; lastKnownFileType = sourcecode.swift; path = ParstagramUITests.swift; sourceTree = "<group>"; };
		26E082D1222E1BED00B91140 /* Info.plist */ = {isa = PBXFileReference; lastKnownFileType = text.plist.xml; path = Info.plist; sourceTree = "<group>"; };
		854CC3C6CDE2DB5A62E32497 /* Pods-ParstagramUITests.debug.xcconfig */ = {isa = PBXFileReference; includeInIndex = 1; lastKnownFileType = text.xcconfig; name = "Pods-ParstagramUITests.debug.xcconfig"; path = "Target Support Files/Pods-ParstagramUITests/Pods-ParstagramUITests.debug.xcconfig"; sourceTree = "<group>"; };
		86986B48A2F20856A50835B2 /* Pods_ParstagramUITests.framework */ = {isa = PBXFileReference; explicitFileType = wrapper.framework; includeInIndex = 0; path = Pods_ParstagramUITests.framework; sourceTree = BUILT_PRODUCTS_DIR; };
		8AE76893168A3BE88017686D /* Pods-Parstagram.release.xcconfig */ = {isa = PBXFileReference; includeInIndex = 1; lastKnownFileType = text.xcconfig; name = "Pods-Parstagram.release.xcconfig"; path = "Target Support Files/Pods-Parstagram/Pods-Parstagram.release.xcconfig"; sourceTree = "<group>"; };
		C94A29F2416641FA9D1E1FD5 /* Pods-Parstagram.debug.xcconfig */ = {isa = PBXFileReference; includeInIndex = 1; lastKnownFileType = text.xcconfig; name = "Pods-Parstagram.debug.xcconfig"; path = "Target Support Files/Pods-Parstagram/Pods-Parstagram.debug.xcconfig"; sourceTree = "<group>"; };
		E630B056616368BB22AA1E4B /* Pods_ParstagramTests.framework */ = {isa = PBXFileReference; explicitFileType = wrapper.framework; includeInIndex = 0; path = Pods_ParstagramTests.framework; sourceTree = BUILT_PRODUCTS_DIR; };
		E80298D284E40DDFA71D50B9 /* Pods_Parstagram.framework */ = {isa = PBXFileReference; explicitFileType = wrapper.framework; includeInIndex = 0; path = Pods_Parstagram.framework; sourceTree = BUILT_PRODUCTS_DIR; };
		FB18ED4271E6BB520CF78125 /* Pods-ParstagramTests.debug.xcconfig */ = {isa = PBXFileReference; includeInIndex = 1; lastKnownFileType = text.xcconfig; name = "Pods-ParstagramTests.debug.xcconfig"; path = "Target Support Files/Pods-ParstagramTests/Pods-ParstagramTests.debug.xcconfig"; sourceTree = "<group>"; };
		FDD6D64FA578EECA62B4B665 /* Pods-ParstagramTests.release.xcconfig */ = {isa = PBXFileReference; includeInIndex = 1; lastKnownFileType = text.xcconfig; name = "Pods-ParstagramTests.release.xcconfig"; path = "Target Support Files/Pods-ParstagramTests/Pods-ParstagramTests.release.xcconfig"; sourceTree = "<group>"; };
/* End PBXFileReference section */

/* Begin PBXFrameworksBuildPhase section */
		26E082A9222E1BEB00B91140 /* Frameworks */ = {
			isa = PBXFrameworksBuildPhase;
			buildActionMask = 2147483647;
			files = (
				7A0A04A7777C9B2C7AAA1242 /* Pods_Parstagram.framework in Frameworks */,
			);
			runOnlyForDeploymentPostprocessing = 0;
		};
		26E082BD222E1BED00B91140 /* Frameworks */ = {
			isa = PBXFrameworksBuildPhase;
			buildActionMask = 2147483647;
			files = (
				81E7A22E5781C5D72764BE24 /* Pods_ParstagramTests.framework in Frameworks */,
			);
			runOnlyForDeploymentPostprocessing = 0;
		};
		26E082C8222E1BED00B91140 /* Frameworks */ = {
			isa = PBXFrameworksBuildPhase;
			buildActionMask = 2147483647;
			files = (
				7BE0CDAF2CB138DEFDCE426D /* Pods_ParstagramUITests.framework in Frameworks */,
			);
			runOnlyForDeploymentPostprocessing = 0;
		};
/* End PBXFrameworksBuildPhase section */

/* Begin PBXGroup section */
		26E082A3222E1BEB00B91140 = {
			isa = PBXGroup;
			children = (
				26E082AE222E1BEB00B91140 /* Parstagram */,
				26E082C3222E1BED00B91140 /* ParstagramTests */,
				26E082CE222E1BED00B91140 /* ParstagramUITests */,
				26E082AD222E1BEB00B91140 /* Products */,
				FF3FFA7EC1F691BB55234601 /* Pods */,
				E9B45EAB9BF69100673A5788 /* Frameworks */,
			);
			sourceTree = "<group>";
		};
		26E082AD222E1BEB00B91140 /* Products */ = {
			isa = PBXGroup;
			children = (
				26E082AC222E1BEB00B91140 /* Parstagram.app */,
				26E082C0222E1BED00B91140 /* ParstagramTests.xctest */,
				26E082CB222E1BED00B91140 /* ParstagramUITests.xctest */,
			);
			name = Products;
			sourceTree = "<group>";
		};
		26E082AE222E1BEB00B91140 /* Parstagram */ = {
			isa = PBXGroup;
			children = (
				26E082AF222E1BEB00B91140 /* AppDelegate.swift */,
				26E082B3222E1BEC00B91140 /* Main.storyboard */,
				26A9AD3C22374F6800672474 /* CommentCell.swift */,
				26CA20B52230AB96002DA066 /* PostCell.swift */,
				26E082B6222E1BED00B91140 /* Assets.xcassets */,
				26E082B8222E1BED00B91140 /* LaunchScreen.storyboard */,
				26E082BB222E1BED00B91140 /* Info.plist */,
				2653FD21222FA73A00479718 /* LoginViewController.swift */,
				2653FD23222FA76400479718 /* FeedViewController.swift */,
				2653FD25222FB33200479718 /* CameraViewController.swift */,
			);
			path = Parstagram;
			sourceTree = "<group>";
		};
		26E082C3222E1BED00B91140 /* ParstagramTests */ = {
			isa = PBXGroup;
			children = (
				26E082C4222E1BED00B91140 /* ParstagramTests.swift */,
				26E082C6222E1BED00B91140 /* Info.plist */,
			);
			path = ParstagramTests;
			sourceTree = "<group>";
		};
		26E082CE222E1BED00B91140 /* ParstagramUITests */ = {
			isa = PBXGroup;
			children = (
				26E082CF222E1BED00B91140 /* ParstagramUITests.swift */,
				26E082D1222E1BED00B91140 /* Info.plist */,
			);
			path = ParstagramUITests;
			sourceTree = "<group>";
		};
		E9B45EAB9BF69100673A5788 /* Frameworks */ = {
			isa = PBXGroup;
			children = (
				E80298D284E40DDFA71D50B9 /* Pods_Parstagram.framework */,
				E630B056616368BB22AA1E4B /* Pods_ParstagramTests.framework */,
				86986B48A2F20856A50835B2 /* Pods_ParstagramUITests.framework */,
			);
			name = Frameworks;
			sourceTree = "<group>";
		};
		FF3FFA7EC1F691BB55234601 /* Pods */ = {
			isa = PBXGroup;
			children = (
				C94A29F2416641FA9D1E1FD5 /* Pods-Parstagram.debug.xcconfig */,
				8AE76893168A3BE88017686D /* Pods-Parstagram.release.xcconfig */,
				FB18ED4271E6BB520CF78125 /* Pods-ParstagramTests.debug.xcconfig */,
				FDD6D64FA578EECA62B4B665 /* Pods-ParstagramTests.release.xcconfig */,
				854CC3C6CDE2DB5A62E32497 /* Pods-ParstagramUITests.debug.xcconfig */,
				223BF41496692F4F47CEAB9C /* Pods-ParstagramUITests.release.xcconfig */,
			);
			path = Pods;
			sourceTree = "<group>";
		};
/* End PBXGroup section */

/* Begin PBXNativeTarget section */
		26E082AB222E1BEB00B91140 /* Parstagram */ = {
			isa = PBXNativeTarget;
			buildConfigurationList = 26E082D4222E1BED00B91140 /* Build configuration list for PBXNativeTarget "Parstagram" */;
			buildPhases = (
				89A699DE2E31EFFB48CA2982 /* [CP] Check Pods Manifest.lock */,
				26E082A8222E1BEB00B91140 /* Sources */,
				26E082A9222E1BEB00B91140 /* Frameworks */,
				26E082AA222E1BEB00B91140 /* Resources */,
				5ABD74531B3809256A769B05 /* [CP] Embed Pods Frameworks */,
			);
			buildRules = (
			);
			dependencies = (
			);
			name = Parstagram;
			productName = Parstagram;
			productReference = 26E082AC222E1BEB00B91140 /* Parstagram.app */;
			productType = "com.apple.product-type.application";
		};
		26E082BF222E1BED00B91140 /* ParstagramTests */ = {
			isa = PBXNativeTarget;
			buildConfigurationList = 26E082D7222E1BED00B91140 /* Build configuration list for PBXNativeTarget "ParstagramTests" */;
			buildPhases = (
				24A0905C763B295292E3A282 /* [CP] Check Pods Manifest.lock */,
				26E082BC222E1BED00B91140 /* Sources */,
				26E082BD222E1BED00B91140 /* Frameworks */,
				26E082BE222E1BED00B91140 /* Resources */,
			);
			buildRules = (
			);
			dependencies = (
				26E082C2222E1BED00B91140 /* PBXTargetDependency */,
			);
			name = ParstagramTests;
			productName = ParstagramTests;
			productReference = 26E082C0222E1BED00B91140 /* ParstagramTests.xctest */;
			productType = "com.apple.product-type.bundle.unit-test";
		};
		26E082CA222E1BED00B91140 /* ParstagramUITests */ = {
			isa = PBXNativeTarget;
			buildConfigurationList = 26E082DA222E1BED00B91140 /* Build configuration list for PBXNativeTarget "ParstagramUITests" */;
			buildPhases = (
				A4B6FA91BA5953D505B99B34 /* [CP] Check Pods Manifest.lock */,
				26E082C7222E1BED00B91140 /* Sources */,
				26E082C8222E1BED00B91140 /* Frameworks */,
				26E082C9222E1BED00B91140 /* Resources */,
			);
			buildRules = (
			);
			dependencies = (
				26E082CD222E1BED00B91140 /* PBXTargetDependency */,
			);
			name = ParstagramUITests;
			productName = ParstagramUITests;
			productReference = 26E082CB222E1BED00B91140 /* ParstagramUITests.xctest */;
			productType = "com.apple.product-type.bundle.ui-testing";
		};
/* End PBXNativeTarget section */

/* Begin PBXProject section */
		26E082A4222E1BEB00B91140 /* Project object */ = {
			isa = PBXProject;
			attributes = {
				LastSwiftUpdateCheck = 1010;
				LastUpgradeCheck = 1010;
				ORGANIZATIONNAME = "Syed Kazmi";
				TargetAttributes = {
					26E082AB222E1BEB00B91140 = {
						CreatedOnToolsVersion = 10.1;
					};
					26E082BF222E1BED00B91140 = {
						CreatedOnToolsVersion = 10.1;
						TestTargetID = 26E082AB222E1BEB00B91140;
					};
					26E082CA222E1BED00B91140 = {
						CreatedOnToolsVersion = 10.1;
						TestTargetID = 26E082AB222E1BEB00B91140;
					};
				};
			};
			buildConfigurationList = 26E082A7222E1BEB00B91140 /* Build configuration list for PBXProject "Parstagram" */;
			compatibilityVersion = "Xcode 9.3";
			developmentRegion = en;
			hasScannedForEncodings = 0;
			knownRegions = (
				en,
				Base,
			);
			mainGroup = 26E082A3222E1BEB00B91140;
			productRefGroup = 26E082AD222E1BEB00B91140 /* Products */;
			projectDirPath = "";
			projectRoot = "";
			targets = (
				26E082AB222E1BEB00B91140 /* Parstagram */,
				26E082BF222E1BED00B91140 /* ParstagramTests */,
				26E082CA222E1BED00B91140 /* ParstagramUITests */,
			);
		};
/* End PBXProject section */

/* Begin PBXResourcesBuildPhase section */
		26E082AA222E1BEB00B91140 /* Resources */ = {
			isa = PBXResourcesBuildPhase;
			buildActionMask = 2147483647;
			files = (
				26E082BA222E1BED00B91140 /* LaunchScreen.storyboard in Resources */,
				26E082B7222E1BED00B91140 /* Assets.xcassets in Resources */,
				26E082B5222E1BEC00B91140 /* Main.storyboard in Resources */,
			);
			runOnlyForDeploymentPostprocessing = 0;
		};
		26E082BE222E1BED00B91140 /* Resources */ = {
			isa = PBXResourcesBuildPhase;
			buildActionMask = 2147483647;
			files = (
			);
			runOnlyForDeploymentPostprocessing = 0;
		};
		26E082C9222E1BED00B91140 /* Resources */ = {
			isa = PBXResourcesBuildPhase;
			buildActionMask = 2147483647;
			files = (
			);
			runOnlyForDeploymentPostprocessing = 0;
		};
/* End PBXResourcesBuildPhase section */

/* Begin PBXShellScriptBuildPhase section */
		24A0905C763B295292E3A282 /* [CP] Check Pods Manifest.lock */ = {
			isa = PBXShellScriptBuildPhase;
			buildActionMask = 2147483647;
			files = (
			);
			inputFileListPaths = (
			);
			inputPaths = (
				"${PODS_PODFILE_DIR_PATH}/Podfile.lock",
				"${PODS_ROOT}/Manifest.lock",
			);
			name = "[CP] Check Pods Manifest.lock";
			outputFileListPaths = (
			);
			outputPaths = (
				"$(DERIVED_FILE_DIR)/Pods-ParstagramTests-checkManifestLockResult.txt",
			);
			runOnlyForDeploymentPostprocessing = 0;
			shellPath = /bin/sh;
			shellScript = "diff \"${PODS_PODFILE_DIR_PATH}/Podfile.lock\" \"${PODS_ROOT}/Manifest.lock\" > /dev/null\nif [ $? != 0 ] ; then\n    # print error to STDERR\n    echo \"error: The sandbox is not in sync with the Podfile.lock. Run 'pod install' or update your CocoaPods installation.\" >&2\n    exit 1\nfi\n# This output is used by Xcode 'outputs' to avoid re-running this script phase.\necho \"SUCCESS\" > \"${SCRIPT_OUTPUT_FILE_0}\"\n";
			showEnvVarsInLog = 0;
		};
		5ABD74531B3809256A769B05 /* [CP] Embed Pods Frameworks */ = {
			isa = PBXShellScriptBuildPhase;
			buildActionMask = 2147483647;
			files = (
			);
			inputFileListPaths = (
			);
			inputPaths = (
				"${PODS_ROOT}/Target Support Files/Pods-Parstagram/Pods-Parstagram-frameworks.sh",
				"${BUILT_PRODUCTS_DIR}/Alamofire/Alamofire.framework",
				"${BUILT_PRODUCTS_DIR}/AlamofireImage/AlamofireImage.framework",
				"${BUILT_PRODUCTS_DIR}/Bolts/Bolts.framework",
				"${BUILT_PRODUCTS_DIR}/MessageInputBar/MessageInputBar.framework",
				"${BUILT_PRODUCTS_DIR}/Parse/Parse.framework",
			);
			name = "[CP] Embed Pods Frameworks";
			outputFileListPaths = (
			);
			outputPaths = (
				"${TARGET_BUILD_DIR}/${FRAMEWORKS_FOLDER_PATH}/Alamofire.framework",
				"${TARGET_BUILD_DIR}/${FRAMEWORKS_FOLDER_PATH}/AlamofireImage.framework",
				"${TARGET_BUILD_DIR}/${FRAMEWORKS_FOLDER_PATH}/Bolts.framework",
				"${TARGET_BUILD_DIR}/${FRAMEWORKS_FOLDER_PATH}/MessageInputBar.framework",
				"${TARGET_BUILD_DIR}/${FRAMEWORKS_FOLDER_PATH}/Parse.framework",
			);
			runOnlyForDeploymentPostprocessing = 0;
			shellPath = /bin/sh;
			shellScript = "\"${PODS_ROOT}/Target Support Files/Pods-Parstagram/Pods-Parstagram-frameworks.sh\"\n";
			showEnvVarsInLog = 0;
		};
		89A699DE2E31EFFB48CA2982 /* [CP] Check Pods Manifest.lock */ = {
			isa = PBXShellScriptBuildPhase;
			buildActionMask = 2147483647;
			files = (
			);
			inputFileListPaths = (
			);
			inputPaths = (
				"${PODS_PODFILE_DIR_PATH}/Podfile.lock",
				"${PODS_ROOT}/Manifest.lock",
			);
			name = "[CP] Check Pods Manifest.lock";
			outputFileListPaths = (
			);
			outputPaths = (
				"$(DERIVED_FILE_DIR)/Pods-Parstagram-checkManifestLockResult.txt",
			);
			runOnlyForDeploymentPostprocessing = 0;
			shellPath = /bin/sh;
			shellScript = "diff \"${PODS_PODFILE_DIR_PATH}/Podfile.lock\" \"${PODS_ROOT}/Manifest.lock\" > /dev/null\nif [ $? != 0 ] ; then\n    # print error to STDERR\n    echo \"error: The sandbox is not in sync with the Podfile.lock. Run 'pod install' or update your CocoaPods installation.\" >&2\n    exit 1\nfi\n# This output is used by Xcode 'outputs' to avoid re-running this script phase.\necho \"SUCCESS\" > \"${SCRIPT_OUTPUT_FILE_0}\"\n";
			showEnvVarsInLog = 0;
		};
		A4B6FA91BA5953D505B99B34 /* [CP] Check Pods Manifest.lock */ = {
			isa = PBXShellScriptBuildPhase;
			buildActionMask = 2147483647;
			files = (
			);
			inputFileListPaths = (
			);
			inputPaths = (
				"${PODS_PODFILE_DIR_PATH}/Podfile.lock",
				"${PODS_ROOT}/Manifest.lock",
			);
			name = "[CP] Check Pods Manifest.lock";
			outputFileListPaths = (
			);
			outputPaths = (
				"$(DERIVED_FILE_DIR)/Pods-ParstagramUITests-checkManifestLockResult.txt",
			);
			runOnlyForDeploymentPostprocessing = 0;
			shellPath = /bin/sh;
			shellScript = "diff \"${PODS_PODFILE_DIR_PATH}/Podfile.lock\" \"${PODS_ROOT}/Manifest.lock\" > /dev/null\nif [ $? != 0 ] ; then\n    # print error to STDERR\n    echo \"error: The sandbox is not in sync with the Podfile.lock. Run 'pod install' or update your CocoaPods installation.\" >&2\n    exit 1\nfi\n# This output is used by Xcode 'outputs' to avoid re-running this script phase.\necho \"SUCCESS\" > \"${SCRIPT_OUTPUT_FILE_0}\"\n";
			showEnvVarsInLog = 0;
		};
/* End PBXShellScriptBuildPhase section */

/* Begin PBXSourcesBuildPhase section */
		26E082A8222E1BEB00B91140 /* Sources */ = {
			isa = PBXSourcesBuildPhase;
			buildActionMask = 2147483647;
			files = (
				2653FD22222FA73A00479718 /* LoginViewController.swift in Sources */,
				2653FD26222FB33200479718 /* CameraViewController.swift in Sources */,
				2653FD24222FA76400479718 /* FeedViewController.swift in Sources */,
				26E082B0222E1BEB00B91140 /* AppDelegate.swift in Sources */,
				26CA20B62230AB96002DA066 /* PostCell.swift in Sources */,
				26A9AD3D22374F6800672474 /* CommentCell.swift in Sources */,
			);
			runOnlyForDeploymentPostprocessing = 0;
		};
		26E082BC222E1BED00B91140 /* Sources */ = {
			isa = PBXSourcesBuildPhase;
			buildActionMask = 2147483647;
			files = (
				26E082C5222E1BED00B91140 /* ParstagramTests.swift in Sources */,
			);
			runOnlyForDeploymentPostprocessing = 0;
		};
		26E082C7222E1BED00B91140 /* Sources */ = {
			isa = PBXSourcesBuildPhase;
			buildActionMask = 2147483647;
			files = (
				26E082D0222E1BED00B91140 /* ParstagramUITests.swift in Sources */,
			);
			runOnlyForDeploymentPostprocessing = 0;
		};
/* End PBXSourcesBuildPhase section */

/* Begin PBXTargetDependency section */
		26E082C2222E1BED00B91140 /* PBXTargetDependency */ = {
			isa = PBXTargetDependency;
			target = 26E082AB222E1BEB00B91140 /* Parstagram */;
			targetProxy = 26E082C1222E1BED00B91140 /* PBXContainerItemProxy */;
		};
		26E082CD222E1BED00B91140 /* PBXTargetDependency */ = {
			isa = PBXTargetDependency;
			target = 26E082AB222E1BEB00B91140 /* Parstagram */;
			targetProxy = 26E082CC222E1BED00B91140 /* PBXContainerItemProxy */;
		};
/* End PBXTargetDependency section */

/* Begin PBXVariantGroup section */
		26E082B3222E1BEC00B91140 /* Main.storyboard */ = {
			isa = PBXVariantGroup;
			children = (
				26E082B4222E1BEC00B91140 /* Base */,
			);
			name = Main.storyboard;
			sourceTree = "<group>";
		};
		26E082B8222E1BED00B91140 /* LaunchScreen.storyboard */ = {
			isa = PBXVariantGroup;
			children = (
				26E082B9222E1BED00B91140 /* Base */,
			);
			name = LaunchScreen.storyboard;
			sourceTree = "<group>";
		};
/* End PBXVariantGroup section */

/* Begin XCBuildConfiguration section */
		26E082D2222E1BED00B91140 /* Debug */ = {
			isa = XCBuildConfiguration;
			buildSettings = {
				ALWAYS_SEARCH_USER_PATHS = NO;
				CLANG_ANALYZER_NONNULL = YES;
				CLANG_ANALYZER_NUMBER_OBJECT_CONVERSION = YES_AGGRESSIVE;
				CLANG_CXX_LANGUAGE_STANDARD = "gnu++14";
				CLANG_CXX_LIBRARY = "libc++";
				CLANG_ENABLE_MODULES = YES;
				CLANG_ENABLE_OBJC_ARC = YES;
				CLANG_ENABLE_OBJC_WEAK = YES;
				CLANG_WARN_BLOCK_CAPTURE_AUTORELEASING = YES;
				CLANG_WARN_BOOL_CONVERSION = YES;
				CLANG_WARN_COMMA = YES;
				CLANG_WARN_CONSTANT_CONVERSION = YES;
				CLANG_WARN_DEPRECATED_OBJC_IMPLEMENTATIONS = YES;
				CLANG_WARN_DIRECT_OBJC_ISA_USAGE = YES_ERROR;
				CLANG_WARN_DOCUMENTATION_COMMENTS = YES;
				CLANG_WARN_EMPTY_BODY = YES;
				CLANG_WARN_ENUM_CONVERSION = YES;
				CLANG_WARN_INFINITE_RECURSION = YES;
				CLANG_WARN_INT_CONVERSION = YES;
				CLANG_WARN_NON_LITERAL_NULL_CONVERSION = YES;
				CLANG_WARN_OBJC_IMPLICIT_RETAIN_SELF = YES;
				CLANG_WARN_OBJC_LITERAL_CONVERSION = YES;
				CLANG_WARN_OBJC_ROOT_CLASS = YES_ERROR;
				CLANG_WARN_RANGE_LOOP_ANALYSIS = YES;
				CLANG_WARN_STRICT_PROTOTYPES = YES;
				CLANG_WARN_SUSPICIOUS_MOVE = YES;
				CLANG_WARN_UNGUARDED_AVAILABILITY = YES_AGGRESSIVE;
				CLANG_WARN_UNREACHABLE_CODE = YES;
				CLANG_WARN__DUPLICATE_METHOD_MATCH = YES;
				CODE_SIGN_IDENTITY = "iPhone Developer";
				COPY_PHASE_STRIP = NO;
				DEBUG_INFORMATION_FORMAT = dwarf;
				ENABLE_STRICT_OBJC_MSGSEND = YES;
				ENABLE_TESTABILITY = YES;
				GCC_C_LANGUAGE_STANDARD = gnu11;
				GCC_DYNAMIC_NO_PIC = NO;
				GCC_NO_COMMON_BLOCKS = YES;
				GCC_OPTIMIZATION_LEVEL = 0;
				GCC_PREPROCESSOR_DEFINITIONS = (
					"DEBUG=1",
					"$(inherited)",
				);
				GCC_WARN_64_TO_32_BIT_CONVERSION = YES;
				GCC_WARN_ABOUT_RETURN_TYPE = YES_ERROR;
				GCC_WARN_UNDECLARED_SELECTOR = YES;
				GCC_WARN_UNINITIALIZED_AUTOS = YES_AGGRESSIVE;
				GCC_WARN_UNUSED_FUNCTION = YES;
				GCC_WARN_UNUSED_VARIABLE = YES;
				IPHONEOS_DEPLOYMENT_TARGET = 12.1;
				MTL_ENABLE_DEBUG_INFO = INCLUDE_SOURCE;
				MTL_FAST_MATH = YES;
				ONLY_ACTIVE_ARCH = YES;
				SDKROOT = iphoneos;
				SWIFT_ACTIVE_COMPILATION_CONDITIONS = DEBUG;
				SWIFT_OPTIMIZATION_LEVEL = "-Onone";
			};
			name = Debug;
		};
		26E082D3222E1BED00B91140 /* Release */ = {
			isa = XCBuildConfiguration;
			buildSettings = {
				ALWAYS_SEARCH_USER_PATHS = NO;
				CLANG_ANALYZER_NONNULL = YES;
				CLANG_ANALYZER_NUMBER_OBJECT_CONVERSION = YES_AGGRESSIVE;
				CLANG_CXX_LANGUAGE_STANDARD = "gnu++14";
				CLANG_CXX_LIBRARY = "libc++";
				CLANG_ENABLE_MODULES = YES;
				CLANG_ENABLE_OBJC_ARC = YES;
				CLANG_ENABLE_OBJC_WEAK = YES;
				CLANG_WARN_BLOCK_CAPTURE_AUTORELEASING = YES;
				CLANG_WARN_BOOL_CONVERSION = YES;
				CLANG_WARN_COMMA = YES;
				CLANG_WARN_CONSTANT_CONVERSION = YES;
				CLANG_WARN_DEPRECATED_OBJC_IMPLEMENTATIONS = YES;
				CLANG_WARN_DIRECT_OBJC_ISA_USAGE = YES_ERROR;
				CLANG_WARN_DOCUMENTATION_COMMENTS = YES;
				CLANG_WARN_EMPTY_BODY = YES;
				CLANG_WARN_ENUM_CONVERSION = YES;
				CLANG_WARN_INFINITE_RECURSION = YES;
				CLANG_WARN_INT_CONVERSION = YES;
				CLANG_WARN_NON_LITERAL_NULL_CONVERSION = YES;
				CLANG_WARN_OBJC_IMPLICIT_RETAIN_SELF = YES;
				CLANG_WARN_OBJC_LITERAL_CONVERSION = YES;
				CLANG_WARN_OBJC_ROOT_CLASS = YES_ERROR;
				CLANG_WARN_RANGE_LOOP_ANALYSIS = YES;
				CLANG_WARN_STRICT_PROTOTYPES = YES;
				CLANG_WARN_SUSPICIOUS_MOVE = YES;
				CLANG_WARN_UNGUARDED_AVAILABILITY = YES_AGGRESSIVE;
				CLANG_WARN_UNREACHABLE_CODE = YES;
				CLANG_WARN__DUPLICATE_METHOD_MATCH = YES;
				CODE_SIGN_IDENTITY = "iPhone Developer";
				COPY_PHASE_STRIP = NO;
				DEBUG_INFORMATION_FORMAT = "dwarf-with-dsym";
				ENABLE_NS_ASSERTIONS = NO;
				ENABLE_STRICT_OBJC_MSGSEND = YES;
				GCC_C_LANGUAGE_STANDARD = gnu11;
				GCC_NO_COMMON_BLOCKS = YES;
				GCC_WARN_64_TO_32_BIT_CONVERSION = YES;
				GCC_WARN_ABOUT_RETURN_TYPE = YES_ERROR;
				GCC_WARN_UNDECLARED_SELECTOR = YES;
				GCC_WARN_UNINITIALIZED_AUTOS = YES_AGGRESSIVE;
				GCC_WARN_UNUSED_FUNCTION = YES;
				GCC_WARN_UNUSED_VARIABLE = YES;
				IPHONEOS_DEPLOYMENT_TARGET = 12.1;
				MTL_ENABLE_DEBUG_INFO = NO;
				MTL_FAST_MATH = YES;
				SDKROOT = iphoneos;
				SWIFT_COMPILATION_MODE = wholemodule;
				SWIFT_OPTIMIZATION_LEVEL = "-O";
				VALIDATE_PRODUCT = YES;
			};
			name = Release;
		};
		26E082D5222E1BED00B91140 /* Debug */ = {
			isa = XCBuildConfiguration;
			baseConfigurationReference = C94A29F2416641FA9D1E1FD5 /* Pods-Parstagram.debug.xcconfig */;
			buildSettings = {
				ASSETCATALOG_COMPILER_APPICON_NAME = AppIcon;
				CODE_SIGN_STYLE = Automatic;
				DEVELOPMENT_TEAM = QU5BW6TJ3J;
				INFOPLIST_FILE = Parstagram/Info.plist;
				LD_RUNPATH_SEARCH_PATHS = (
					"$(inherited)",
					"@executable_path/Frameworks",
				);
				PRODUCT_BUNDLE_IDENTIFIER = com.skazmi.Parstagram;
				PRODUCT_NAME = "$(TARGET_NAME)";
				SWIFT_VERSION = 4.2;
				TARGETED_DEVICE_FAMILY = "1,2";
			};
			name = Debug;
		};
		26E082D6222E1BED00B91140 /* Release */ = {
			isa = XCBuildConfiguration;
			baseConfigurationReference = 8AE76893168A3BE88017686D /* Pods-Parstagram.release.xcconfig */;
			buildSettings = {
				ASSETCATALOG_COMPILER_APPICON_NAME = AppIcon;
				CODE_SIGN_STYLE = Automatic;
				DEVELOPMENT_TEAM = QU5BW6TJ3J;
				INFOPLIST_FILE = Parstagram/Info.plist;
				LD_RUNPATH_SEARCH_PATHS = (
					"$(inherited)",
					"@executable_path/Frameworks",
				);
				PRODUCT_BUNDLE_IDENTIFIER = com.skazmi.Parstagram;
				PRODUCT_NAME = "$(TARGET_NAME)";
				SWIFT_VERSION = 4.2;
				TARGETED_DEVICE_FAMILY = "1,2";
			};
			name = Release;
		};
		26E082D8222E1BED00B91140 /* Debug */ = {
			isa = XCBuildConfiguration;
			baseConfigurationReference = FB18ED4271E6BB520CF78125 /* Pods-ParstagramTests.debug.xcconfig */;
			buildSettings = {
				ALWAYS_EMBED_SWIFT_STANDARD_LIBRARIES = YES;
				BUNDLE_LOADER = "$(TEST_HOST)";
				CODE_SIGN_STYLE = Automatic;
				DEVELOPMENT_TEAM = QU5BW6TJ3J;
				INFOPLIST_FILE = ParstagramTests/Info.plist;
				LD_RUNPATH_SEARCH_PATHS = (
					"$(inherited)",
					"@executable_path/Frameworks",
					"@loader_path/Frameworks",
				);
				PRODUCT_BUNDLE_IDENTIFIER = com.ssantana.ParstagramTests;
				PRODUCT_NAME = "$(TARGET_NAME)";
				SWIFT_VERSION = 4.2;
				TARGETED_DEVICE_FAMILY = "1,2";
				TEST_HOST = "$(BUILT_PRODUCTS_DIR)/Parstagram.app/Parstagram";
			};
			name = Debug;
		};
		26E082D9222E1BED00B91140 /* Release */ = {
			isa = XCBuildConfiguration;
			baseConfigurationReference = FDD6D64FA578EECA62B4B665 /* Pods-ParstagramTests.release.xcconfig */;
			buildSettings = {
				ALWAYS_EMBED_SWIFT_STANDARD_LIBRARIES = YES;
				BUNDLE_LOADER = "$(TEST_HOST)";
				CODE_SIGN_STYLE = Automatic;
				DEVELOPMENT_TEAM = QU5BW6TJ3J;
				INFOPLIST_FILE = ParstagramTests/Info.plist;
				LD_RUNPATH_SEARCH_PATHS = (
					"$(inherited)",
					"@executable_path/Frameworks",
					"@loader_path/Frameworks",
				);
				PRODUCT_BUNDLE_IDENTIFIER = com.ssantana.ParstagramTests;
				PRODUCT_NAME = "$(TARGET_NAME)";
				SWIFT_VERSION = 4.2;
				TARGETED_DEVICE_FAMILY = "1,2";
				TEST_HOST = "$(BUILT_PRODUCTS_DIR)/Parstagram.app/Parstagram";
			};
			name = Release;
		};
		26E082DB222E1BED00B91140 /* Debug */ = {
			isa = XCBuildConfiguration;
			baseConfigurationReference = 854CC3C6CDE2DB5A62E32497 /* Pods-ParstagramUITests.debug.xcconfig */;
			buildSettings = {
				ALWAYS_EMBED_SWIFT_STANDARD_LIBRARIES = YES;
				CODE_SIGN_STYLE = Automatic;
				DEVELOPMENT_TEAM = QU5BW6TJ3J;
				INFOPLIST_FILE = ParstagramUITests/Info.plist;
				LD_RUNPATH_SEARCH_PATHS = (
					"$(inherited)",
					"@executable_path/Frameworks",
					"@loader_path/Frameworks",
				);
				PRODUCT_BUNDLE_IDENTIFIER = com.ssantana.ParstagramUITests;
				PRODUCT_NAME = "$(TARGET_NAME)";
				SWIFT_VERSION = 4.2;
				TARGETED_DEVICE_FAMILY = "1,2";
				TEST_TARGET_NAME = Parstagram;
			};
			name = Debug;
		};
		26E082DC222E1BED00B91140 /* Release */ = {
			isa = XCBuildConfiguration;
			baseConfigurationReference = 223BF41496692F4F47CEAB9C /* Pods-ParstagramUITests.release.xcconfig */;
			buildSettings = {
				ALWAYS_EMBED_SWIFT_STANDARD_LIBRARIES = YES;
				CODE_SIGN_STYLE = Automatic;
				DEVELOPMENT_TEAM = QU5BW6TJ3J;
				INFOPLIST_FILE = ParstagramUITests/Info.plist;
				LD_RUNPATH_SEARCH_PATHS = (
					"$(inherited)",
					"@executable_path/Frameworks",
					"@loader_path/Frameworks",
				);
				PRODUCT_BUNDLE_IDENTIFIER = com.ssantana.ParstagramUITests;
				PRODUCT_NAME = "$(TARGET_NAME)";
				SWIFT_VERSION = 4.2;
				TARGETED_DEVICE_FAMILY = "1,2";
				TEST_TARGET_NAME = Parstagram;
			};
			name = Release;
		};
/* End XCBuildConfiguration section */

/* Begin XCConfigurationList section */
		26E082A7222E1BEB00B91140 /* Build configuration list for PBXProject "Parstagram" */ = {
			isa = XCConfigurationList;
			buildConfigurations = (
				26E082D2222E1BED00B91140 /* Debug */,
				26E082D3222E1BED00B91140 /* Release */,
			);
			defaultConfigurationIsVisible = 0;
			defaultConfigurationName = Release;
		};
		26E082D4222E1BED00B91140 /* Build configuration list for PBXNativeTarget "Parstagram" */ = {
			isa = XCConfigurationList;
			buildConfigurations = (
				26E082D5222E1BED00B91140 /* Debug */,
				26E082D6222E1BED00B91140 /* Release */,
			);
			defaultConfigurationIsVisible = 0;
			defaultConfigurationName = Release;
		};
		26E082D7222E1BED00B91140 /* Build configuration list for PBXNativeTarget "ParstagramTests" */ = {
			isa = XCConfigurationList;
			buildConfigurations = (
				26E082D8222E1BED00B91140 /* Debug */,
				26E082D9222E1BED00B91140 /* Release */,
			);
			defaultConfigurationIsVisible = 0;
			defaultConfigurationName = Release;
		};
		26E082DA222E1BED00B91140 /* Build configuration list for PBXNativeTarget "ParstagramUITests" */ = {
			isa = XCConfigurationList;
			buildConfigurations = (
				26E082DB222E1BED00B91140 /* Debug */,
				26E082DC222E1BED00B91140 /* Release */,
			);
			defaultConfigurationIsVisible = 0;
			defaultConfigurationName = Release;
		};
/* End XCConfigurationList section */
	};
	rootObject = 26E082A4222E1BEB00B91140 /* Project object */;
}
